// !$*UTF8*$!
{
	archiveVersion = 1;
	classes = {
	};
	objectVersion = 56;
	objects = {

/* Begin PBXBuildFile section */
		8510D90F2B9375F7003937FA /* PhotoResult.swift in Sources */ = {isa = PBXBuildFile; fileRef = 8510D90E2B9375F7003937FA /* PhotoResult.swift */; };
		8510D9112B93AFD0003937FA /* Date+Extension.swift in Sources */ = {isa = PBXBuildFile; fileRef = 8510D9102B93AFD0003937FA /* Date+Extension.swift */; };
		8510D9222B9655EE003937FA /* ImageListCellDelegate.swift in Sources */ = {isa = PBXBuildFile; fileRef = 8510D9212B9655EE003937FA /* ImageListCellDelegate.swift */; };
		851A0B2A2B432371003E6D97 /* AppDelegate.swift in Sources */ = {isa = PBXBuildFile; fileRef = 851A0B292B432371003E6D97 /* AppDelegate.swift */; };
		851A0B2C2B432371003E6D97 /* SceneDelegate.swift in Sources */ = {isa = PBXBuildFile; fileRef = 851A0B2B2B432371003E6D97 /* SceneDelegate.swift */; };
		851A0B2E2B432371003E6D97 /* ImagesListViewController.swift in Sources */ = {isa = PBXBuildFile; fileRef = 851A0B2D2B432371003E6D97 /* ImagesListViewController.swift */; };
		851A0B332B43237C003E6D97 /* Assets.xcassets in Resources */ = {isa = PBXBuildFile; fileRef = 851A0B322B43237C003E6D97 /* Assets.xcassets */; };
		851A0B362B43237C003E6D97 /* LaunchScreen.storyboard in Resources */ = {isa = PBXBuildFile; fileRef = 851A0B342B43237C003E6D97 /* LaunchScreen.storyboard */; };
		851A0B5E2B4AD373003E6D97 /* ImagesListCell.swift in Sources */ = {isa = PBXBuildFile; fileRef = 851A0B5D2B4AD373003E6D97 /* ImagesListCell.swift */; };
		851A0B842B5AC478003E6D97 /* ProfileViewController.swift in Sources */ = {isa = PBXBuildFile; fileRef = 851A0B832B5AC478003E6D97 /* ProfileViewController.swift */; };
		851A0B862B5BDE9C003E6D97 /* SingleImageViewController.swift in Sources */ = {isa = PBXBuildFile; fileRef = 851A0B852B5BDE9C003E6D97 /* SingleImageViewController.swift */; };
		853126D72B7147E7008589D5 /* AuthConfiguration.swift in Sources */ = {isa = PBXBuildFile; fileRef = 853126D62B7147E7008589D5 /* AuthConfiguration.swift */; };
		853126D92B7265B4008589D5 /* AuthViewController.swift in Sources */ = {isa = PBXBuildFile; fileRef = 853126D82B7265B4008589D5 /* AuthViewController.swift */; };
		853126DC2B726707008589D5 /* WebViewViewController.swift in Sources */ = {isa = PBXBuildFile; fileRef = 853126DB2B726707008589D5 /* WebViewViewController.swift */; };
		853127892B754F6F008589D5 /* OAuthTokenResponseBody.swift in Sources */ = {isa = PBXBuildFile; fileRef = 853127882B754F6F008589D5 /* OAuthTokenResponseBody.swift */; };
		8531278B2B75510A008589D5 /* OAuth2Service.swift in Sources */ = {isa = PBXBuildFile; fileRef = 8531278A2B75510A008589D5 /* OAuth2Service.swift */; };
		8531278D2B75517F008589D5 /* OAuth2TokenStorage.swift in Sources */ = {isa = PBXBuildFile; fileRef = 8531278C2B75517F008589D5 /* OAuth2TokenStorage.swift */; };
		8531278F2B762397008589D5 /* URLSession+Extension.swift in Sources */ = {isa = PBXBuildFile; fileRef = 8531278E2B762397008589D5 /* URLSession+Extension.swift */; };
		853127D02B7787A6008589D5 /* SplashViewController.swift in Sources */ = {isa = PBXBuildFile; fileRef = 853127CF2B7787A6008589D5 /* SplashViewController.swift */; };
		853127D32B80F1E6008589D5 /* ProgressHUD in Frameworks */ = {isa = PBXBuildFile; productRef = 853127D22B80F1E6008589D5 /* ProgressHUD */; };
		853127D52B836B42008589D5 /* UIBlokingProgressHUD.swift in Sources */ = {isa = PBXBuildFile; fileRef = 853127D42B836B42008589D5 /* UIBlokingProgressHUD.swift */; };
		853127D72B837411008589D5 /* ProfileService.swift in Sources */ = {isa = PBXBuildFile; fileRef = 853127D62B837411008589D5 /* ProfileService.swift */; };
		853127DA2B8376FE008589D5 /* ProfileResult.swift in Sources */ = {isa = PBXBuildFile; fileRef = 853127D92B8376FE008589D5 /* ProfileResult.swift */; };
		853127DC2B83779B008589D5 /* Profile.swift in Sources */ = {isa = PBXBuildFile; fileRef = 853127DB2B83779B008589D5 /* Profile.swift */; };
		853127DE2B83E5F6008589D5 /* ProfileImageService.swift in Sources */ = {isa = PBXBuildFile; fileRef = 853127DD2B83E5F6008589D5 /* ProfileImageService.swift */; };
		853127E02B84DACD008589D5 /* AlertModel.swift in Sources */ = {isa = PBXBuildFile; fileRef = 853127DF2B84DACC008589D5 /* AlertModel.swift */; };
		853127E22B84DBC2008589D5 /* AlertPresenterProtocol.swift in Sources */ = {isa = PBXBuildFile; fileRef = 853127E12B84DBC2008589D5 /* AlertPresenterProtocol.swift */; };
		853127E62B84DC39008589D5 /* AlertPresenter.swift in Sources */ = {isa = PBXBuildFile; fileRef = 853127E52B84DC39008589D5 /* AlertPresenter.swift */; };
		853127EC2B854223008589D5 /* Kingfisher in Frameworks */ = {isa = PBXBuildFile; productRef = 853127EB2B854223008589D5 /* Kingfisher */; };
		853127EF2B85E2CA008589D5 /* SwiftKeychainWrapper in Frameworks */ = {isa = PBXBuildFile; productRef = 853127EE2B85E2CA008589D5 /* SwiftKeychainWrapper */; };
		853127F22B8602CC008589D5 /* TabBarController.swift in Sources */ = {isa = PBXBuildFile; fileRef = 853127F12B8602CC008589D5 /* TabBarController.swift */; };
		853127F62B8D107D008589D5 /* ProblemType.swift in Sources */ = {isa = PBXBuildFile; fileRef = 853127F52B8D107D008589D5 /* ProblemType.swift */; };
		853127F82B8D183A008589D5 /* URLRequest+Extension.swift in Sources */ = {isa = PBXBuildFile; fileRef = 853127F72B8D183A008589D5 /* URLRequest+Extension.swift */; };
		853127FA2B8D25E4008589D5 /* UserResult.swift in Sources */ = {isa = PBXBuildFile; fileRef = 853127F92B8D25E4008589D5 /* UserResult.swift */; };
		853128392B910173008589D5 /* ImagesListService.swift in Sources */ = {isa = PBXBuildFile; fileRef = 853128382B910173008589D5 /* ImagesListService.swift */; };
		856C34952BAC284300409124 /* WebViewPresenter.swift in Sources */ = {isa = PBXBuildFile; fileRef = 856C34942BAC284300409124 /* WebViewPresenter.swift */; };
		856C34972BAC5CAD00409124 /* AuthHelper.swift in Sources */ = {isa = PBXBuildFile; fileRef = 856C34962BAC5CAD00409124 /* AuthHelper.swift */; };
		856C349F2BAC762B00409124 /* WebViewTests.swift in Sources */ = {isa = PBXBuildFile; fileRef = 856C349E2BAC762B00409124 /* WebViewTests.swift */; };
		856C34A72BADCA2900409124 /* WebViewPresenterSpy.swift in Sources */ = {isa = PBXBuildFile; fileRef = 856C34A62BADCA2900409124 /* WebViewPresenterSpy.swift */; };
		856C34AB2BADD6C700409124 /* WebViewViewControllerSpy.swift in Sources */ = {isa = PBXBuildFile; fileRef = 856C34AA2BADD6C700409124 /* WebViewViewControllerSpy.swift */; };
		856C34AD2BAF0FBA00409124 /* ProfilePresenter.swift in Sources */ = {isa = PBXBuildFile; fileRef = 856C34AC2BAF0FBA00409124 /* ProfilePresenter.swift */; };
		856C34AF2BAF256100409124 /* LogoutHelper.swift in Sources */ = {isa = PBXBuildFile; fileRef = 856C34AE2BAF256100409124 /* LogoutHelper.swift */; };
		856C34B22BB0A4F100409124 /* ImagesListPresenter.swift in Sources */ = {isa = PBXBuildFile; fileRef = 856C34B12BB0A4F100409124 /* ImagesListPresenter.swift */; };
		856C34BB2BB1DF1E00409124 /* ImageFeedUITests.swift in Sources */ = {isa = PBXBuildFile; fileRef = 856C34BA2BB1DF1E00409124 /* ImageFeedUITests.swift */; };
		856C34C52BB2007900409124 /* ProfilePresenterSpy.swift in Sources */ = {isa = PBXBuildFile; fileRef = 856C34C42BB2007900409124 /* ProfilePresenterSpy.swift */; };
		856C34C72BB2008C00409124 /* ImagesListPresenterSpy.swift in Sources */ = {isa = PBXBuildFile; fileRef = 856C34C62BB2008C00409124 /* ImagesListPresenterSpy.swift */; };
		856C34D52BB200D900409124 /* ProfileTests.swift in Sources */ = {isa = PBXBuildFile; fileRef = 856C34CE2BB200C000409124 /* ProfileTests.swift */; };
		856C34E32BB2010E00409124 /* ImagesListTests.swift in Sources */ = {isa = PBXBuildFile; fileRef = 856C34DC2BB2010800409124 /* ImagesListTests.swift */; };
		85B651D02BA0C5D2003C83C2 /* Photo.swift in Sources */ = {isa = PBXBuildFile; fileRef = 85B651CF2BA0C5D2003C83C2 /* Photo.swift */; };
/* End PBXBuildFile section */

/* Begin PBXContainerItemProxy section */
		856C34A02BAC762B00409124 /* PBXContainerItemProxy */ = {
			isa = PBXContainerItemProxy;
			containerPortal = 851A0B1E2B432371003E6D97 /* Project object */;
			proxyType = 1;
			remoteGlobalIDString = 851A0B252B432371003E6D97;
			remoteInfo = ImageFeed;
		};
		856C34BE2BB1DF1E00409124 /* PBXContainerItemProxy */ = {
			isa = PBXContainerItemProxy;
			containerPortal = 851A0B1E2B432371003E6D97 /* Project object */;
			proxyType = 1;
			remoteGlobalIDString = 851A0B252B432371003E6D97;
			remoteInfo = ImageFeed;
		};
		856C34D02BB200C000409124 /* PBXContainerItemProxy */ = {
			isa = PBXContainerItemProxy;
			containerPortal = 851A0B1E2B432371003E6D97 /* Project object */;
			proxyType = 1;
			remoteGlobalIDString = 851A0B252B432371003E6D97;
			remoteInfo = ImageFeed;
		};
		856C34DE2BB2010800409124 /* PBXContainerItemProxy */ = {
			isa = PBXContainerItemProxy;
			containerPortal = 851A0B1E2B432371003E6D97 /* Project object */;
			proxyType = 1;
			remoteGlobalIDString = 851A0B252B432371003E6D97;
			remoteInfo = ImageFeed;
		};
/* End PBXContainerItemProxy section */

/* Begin PBXFileReference section */
		8510D90E2B9375F7003937FA /* PhotoResult.swift */ = {isa = PBXFileReference; lastKnownFileType = sourcecode.swift; path = PhotoResult.swift; sourceTree = "<group>"; };
		8510D9102B93AFD0003937FA /* Date+Extension.swift */ = {isa = PBXFileReference; lastKnownFileType = sourcecode.swift; path = "Date+Extension.swift"; sourceTree = "<group>"; };
		8510D9212B9655EE003937FA /* ImageListCellDelegate.swift */ = {isa = PBXFileReference; lastKnownFileType = sourcecode.swift; path = ImageListCellDelegate.swift; sourceTree = "<group>"; };
		851A0B262B432371003E6D97 /* ImageFeed.app */ = {isa = PBXFileReference; explicitFileType = wrapper.application; includeInIndex = 0; path = ImageFeed.app; sourceTree = BUILT_PRODUCTS_DIR; };
		851A0B292B432371003E6D97 /* AppDelegate.swift */ = {isa = PBXFileReference; lastKnownFileType = sourcecode.swift; path = AppDelegate.swift; sourceTree = "<group>"; };
		851A0B2B2B432371003E6D97 /* SceneDelegate.swift */ = {isa = PBXFileReference; lastKnownFileType = sourcecode.swift; path = SceneDelegate.swift; sourceTree = "<group>"; };
		851A0B2D2B432371003E6D97 /* ImagesListViewController.swift */ = {isa = PBXFileReference; lastKnownFileType = sourcecode.swift; path = ImagesListViewController.swift; sourceTree = "<group>"; };
		851A0B322B43237C003E6D97 /* Assets.xcassets */ = {isa = PBXFileReference; lastKnownFileType = folder.assetcatalog; path = Assets.xcassets; sourceTree = "<group>"; };
		851A0B352B43237C003E6D97 /* Base */ = {isa = PBXFileReference; lastKnownFileType = file.storyboard; name = Base; path = Base.lproj/LaunchScreen.storyboard; sourceTree = "<group>"; };
		851A0B372B43237C003E6D97 /* Info.plist */ = {isa = PBXFileReference; lastKnownFileType = text.plist.xml; path = Info.plist; sourceTree = "<group>"; };
		851A0B5D2B4AD373003E6D97 /* ImagesListCell.swift */ = {isa = PBXFileReference; lastKnownFileType = sourcecode.swift; path = ImagesListCell.swift; sourceTree = "<group>"; };
		851A0B832B5AC478003E6D97 /* ProfileViewController.swift */ = {isa = PBXFileReference; lastKnownFileType = sourcecode.swift; path = ProfileViewController.swift; sourceTree = "<group>"; };
		851A0B852B5BDE9C003E6D97 /* SingleImageViewController.swift */ = {isa = PBXFileReference; lastKnownFileType = sourcecode.swift; path = SingleImageViewController.swift; sourceTree = "<group>"; };
		853126D62B7147E7008589D5 /* AuthConfiguration.swift */ = {isa = PBXFileReference; lastKnownFileType = sourcecode.swift; path = AuthConfiguration.swift; sourceTree = "<group>"; };
		853126D82B7265B4008589D5 /* AuthViewController.swift */ = {isa = PBXFileReference; lastKnownFileType = sourcecode.swift; path = AuthViewController.swift; sourceTree = "<group>"; };
		853126DB2B726707008589D5 /* WebViewViewController.swift */ = {isa = PBXFileReference; lastKnownFileType = sourcecode.swift; path = WebViewViewController.swift; sourceTree = "<group>"; };
		853127882B754F6F008589D5 /* OAuthTokenResponseBody.swift */ = {isa = PBXFileReference; lastKnownFileType = sourcecode.swift; path = OAuthTokenResponseBody.swift; sourceTree = "<group>"; };
		8531278A2B75510A008589D5 /* OAuth2Service.swift */ = {isa = PBXFileReference; lastKnownFileType = sourcecode.swift; path = OAuth2Service.swift; sourceTree = "<group>"; };
		8531278C2B75517F008589D5 /* OAuth2TokenStorage.swift */ = {isa = PBXFileReference; lastKnownFileType = sourcecode.swift; path = OAuth2TokenStorage.swift; sourceTree = "<group>"; };
		8531278E2B762397008589D5 /* URLSession+Extension.swift */ = {isa = PBXFileReference; lastKnownFileType = sourcecode.swift; path = "URLSession+Extension.swift"; sourceTree = "<group>"; };
		853127CF2B7787A6008589D5 /* SplashViewController.swift */ = {isa = PBXFileReference; lastKnownFileType = sourcecode.swift; path = SplashViewController.swift; sourceTree = "<group>"; };
		853127D42B836B42008589D5 /* UIBlokingProgressHUD.swift */ = {isa = PBXFileReference; lastKnownFileType = sourcecode.swift; path = UIBlokingProgressHUD.swift; sourceTree = "<group>"; };
		853127D62B837411008589D5 /* ProfileService.swift */ = {isa = PBXFileReference; lastKnownFileType = sourcecode.swift; path = ProfileService.swift; sourceTree = "<group>"; };
		853127D92B8376FE008589D5 /* ProfileResult.swift */ = {isa = PBXFileReference; lastKnownFileType = sourcecode.swift; path = ProfileResult.swift; sourceTree = "<group>"; };
		853127DB2B83779B008589D5 /* Profile.swift */ = {isa = PBXFileReference; lastKnownFileType = sourcecode.swift; path = Profile.swift; sourceTree = "<group>"; };
		853127DD2B83E5F6008589D5 /* ProfileImageService.swift */ = {isa = PBXFileReference; lastKnownFileType = sourcecode.swift; path = ProfileImageService.swift; sourceTree = "<group>"; };
		853127DF2B84DACC008589D5 /* AlertModel.swift */ = {isa = PBXFileReference; lastKnownFileType = sourcecode.swift; path = AlertModel.swift; sourceTree = "<group>"; };
		853127E12B84DBC2008589D5 /* AlertPresenterProtocol.swift */ = {isa = PBXFileReference; lastKnownFileType = sourcecode.swift; path = AlertPresenterProtocol.swift; sourceTree = "<group>"; };
		853127E52B84DC39008589D5 /* AlertPresenter.swift */ = {isa = PBXFileReference; lastKnownFileType = sourcecode.swift; path = AlertPresenter.swift; sourceTree = "<group>"; };
		853127F12B8602CC008589D5 /* TabBarController.swift */ = {isa = PBXFileReference; lastKnownFileType = sourcecode.swift; path = TabBarController.swift; sourceTree = "<group>"; };
		853127F52B8D107D008589D5 /* ProblemType.swift */ = {isa = PBXFileReference; lastKnownFileType = sourcecode.swift; path = ProblemType.swift; sourceTree = "<group>"; };
		853127F72B8D183A008589D5 /* URLRequest+Extension.swift */ = {isa = PBXFileReference; lastKnownFileType = sourcecode.swift; path = "URLRequest+Extension.swift"; sourceTree = "<group>"; };
		853127F92B8D25E4008589D5 /* UserResult.swift */ = {isa = PBXFileReference; lastKnownFileType = sourcecode.swift; path = UserResult.swift; sourceTree = "<group>"; };
		853128382B910173008589D5 /* ImagesListService.swift */ = {isa = PBXFileReference; lastKnownFileType = sourcecode.swift; path = ImagesListService.swift; sourceTree = "<group>"; };
		856C34942BAC284300409124 /* WebViewPresenter.swift */ = {isa = PBXFileReference; lastKnownFileType = sourcecode.swift; path = WebViewPresenter.swift; sourceTree = "<group>"; };
		856C34962BAC5CAD00409124 /* AuthHelper.swift */ = {isa = PBXFileReference; lastKnownFileType = sourcecode.swift; path = AuthHelper.swift; sourceTree = "<group>"; };
		856C349C2BAC762B00409124 /* ImageFeedTests.xctest */ = {isa = PBXFileReference; explicitFileType = wrapper.cfbundle; includeInIndex = 0; path = ImageFeedTests.xctest; sourceTree = BUILT_PRODUCTS_DIR; };
		856C349E2BAC762B00409124 /* WebViewTests.swift */ = {isa = PBXFileReference; lastKnownFileType = sourcecode.swift; path = WebViewTests.swift; sourceTree = "<group>"; };
		856C34A62BADCA2900409124 /* WebViewPresenterSpy.swift */ = {isa = PBXFileReference; lastKnownFileType = sourcecode.swift; path = WebViewPresenterSpy.swift; sourceTree = "<group>"; };
		856C34AA2BADD6C700409124 /* WebViewViewControllerSpy.swift */ = {isa = PBXFileReference; lastKnownFileType = sourcecode.swift; path = WebViewViewControllerSpy.swift; sourceTree = "<group>"; };
		856C34AC2BAF0FBA00409124 /* ProfilePresenter.swift */ = {isa = PBXFileReference; lastKnownFileType = sourcecode.swift; path = ProfilePresenter.swift; sourceTree = "<group>"; };
		856C34AE2BAF256100409124 /* LogoutHelper.swift */ = {isa = PBXFileReference; lastKnownFileType = sourcecode.swift; path = LogoutHelper.swift; sourceTree = "<group>"; };
		856C34B12BB0A4F100409124 /* ImagesListPresenter.swift */ = {isa = PBXFileReference; lastKnownFileType = sourcecode.swift; path = ImagesListPresenter.swift; sourceTree = "<group>"; };
		856C34B82BB1DF1E00409124 /* ImageFeedUITests.xctest */ = {isa = PBXFileReference; explicitFileType = wrapper.cfbundle; includeInIndex = 0; path = ImageFeedUITests.xctest; sourceTree = BUILT_PRODUCTS_DIR; };
		856C34BA2BB1DF1E00409124 /* ImageFeedUITests.swift */ = {isa = PBXFileReference; lastKnownFileType = sourcecode.swift; path = ImageFeedUITests.swift; sourceTree = "<group>"; };
		856C34C42BB2007900409124 /* ProfilePresenterSpy.swift */ = {isa = PBXFileReference; lastKnownFileType = sourcecode.swift; path = ProfilePresenterSpy.swift; sourceTree = "<group>"; };
		856C34C62BB2008C00409124 /* ImagesListPresenterSpy.swift */ = {isa = PBXFileReference; lastKnownFileType = sourcecode.swift; path = ImagesListPresenterSpy.swift; sourceTree = "<group>"; };
		856C34CC2BB200C000409124 /* ProfileTests.xctest */ = {isa = PBXFileReference; explicitFileType = wrapper.cfbundle; includeInIndex = 0; path = ProfileTests.xctest; sourceTree = BUILT_PRODUCTS_DIR; };
		856C34CE2BB200C000409124 /* ProfileTests.swift */ = {isa = PBXFileReference; lastKnownFileType = sourcecode.swift; path = ProfileTests.swift; sourceTree = "<group>"; };
		856C34DA2BB2010800409124 /* ImagesListTests.xctest */ = {isa = PBXFileReference; explicitFileType = wrapper.cfbundle; includeInIndex = 0; path = ImagesListTests.xctest; sourceTree = BUILT_PRODUCTS_DIR; };
		856C34DC2BB2010800409124 /* ImagesListTests.swift */ = {isa = PBXFileReference; lastKnownFileType = sourcecode.swift; path = ImagesListTests.swift; sourceTree = "<group>"; };
		85B651CF2BA0C5D2003C83C2 /* Photo.swift */ = {isa = PBXFileReference; lastKnownFileType = sourcecode.swift; path = Photo.swift; sourceTree = "<group>"; };
/* End PBXFileReference section */

/* Begin PBXFrameworksBuildPhase section */
		851A0B232B432371003E6D97 /* Frameworks */ = {
			isa = PBXFrameworksBuildPhase;
			buildActionMask = 2147483647;
			files = (
				853127EC2B854223008589D5 /* Kingfisher in Frameworks */,
				853127D32B80F1E6008589D5 /* ProgressHUD in Frameworks */,
				853127EF2B85E2CA008589D5 /* SwiftKeychainWrapper in Frameworks */,
			);
			runOnlyForDeploymentPostprocessing = 0;
		};
		856C34992BAC762B00409124 /* Frameworks */ = {
			isa = PBXFrameworksBuildPhase;
			buildActionMask = 2147483647;
			files = (
			);
			runOnlyForDeploymentPostprocessing = 0;
		};
		856C34B52BB1DF1E00409124 /* Frameworks */ = {
			isa = PBXFrameworksBuildPhase;
			buildActionMask = 2147483647;
			files = (
			);
			runOnlyForDeploymentPostprocessing = 0;
		};
		856C34C92BB200C000409124 /* Frameworks */ = {
			isa = PBXFrameworksBuildPhase;
			buildActionMask = 2147483647;
			files = (
			);
			runOnlyForDeploymentPostprocessing = 0;
		};
		856C34D72BB2010800409124 /* Frameworks */ = {
			isa = PBXFrameworksBuildPhase;
			buildActionMask = 2147483647;
			files = (
			);
			runOnlyForDeploymentPostprocessing = 0;
		};
/* End PBXFrameworksBuildPhase section */

/* Begin PBXGroup section */
		851A0B1D2B432371003E6D97 = {
			isa = PBXGroup;
			children = (
				851A0B282B432371003E6D97 /* ImageFeed */,
				856C349D2BAC762B00409124 /* ImageFeedTests */,
				856C34B92BB1DF1E00409124 /* ImageFeedUITests */,
				851A0B272B432371003E6D97 /* Products */,
			);
			sourceTree = "<group>";
		};
		851A0B272B432371003E6D97 /* Products */ = {
			isa = PBXGroup;
			children = (
				851A0B262B432371003E6D97 /* ImageFeed.app */,
				856C349C2BAC762B00409124 /* ImageFeedTests.xctest */,
				856C34B82BB1DF1E00409124 /* ImageFeedUITests.xctest */,
				856C34CC2BB200C000409124 /* ProfileTests.xctest */,
				856C34DA2BB2010800409124 /* ImagesListTests.xctest */,
			);
			name = Products;
			sourceTree = "<group>";
		};
		851A0B282B432371003E6D97 /* ImageFeed */ = {
			isa = PBXGroup;
			children = (
				856C34B02BB0A14D00409124 /* Services */,
				853127F42B8D1074008589D5 /* Model */,
				853127F02B8602A6008589D5 /* TabBar */,
				853127E92B84EBAC008589D5 /* Alert */,
				853127CE2B778780008589D5 /* SplashViewController */,
				853127872B754F03008589D5 /* OAuth2 */,
				851A0B822B5AB95E003E6D97 /* Profile */,
				851A0B872B5BE24B003E6D97 /* SingleImageViewController */,
				851A0B5F2B4AD3AB003E6D97 /* ImagesList */,
				853126DA2B7265DF008589D5 /* Auth */,
				853127862B754E6E008589D5 /* AuthConfiguration */,
				851A0B292B432371003E6D97 /* AppDelegate.swift */,
				851A0B2B2B432371003E6D97 /* SceneDelegate.swift */,
				851A0B342B43237C003E6D97 /* LaunchScreen.storyboard */,
				853127F32B862572008589D5 /* Sources */,
			);
			path = ImageFeed;
			sourceTree = "<group>";
		};
		851A0B5F2B4AD3AB003E6D97 /* ImagesList */ = {
			isa = PBXGroup;
			children = (
				851A0B5D2B4AD373003E6D97 /* ImagesListCell.swift */,
				851A0B2D2B432371003E6D97 /* ImagesListViewController.swift */,
				8510D9212B9655EE003937FA /* ImageListCellDelegate.swift */,
				856C34B12BB0A4F100409124 /* ImagesListPresenter.swift */,
			);
			path = ImagesList;
			sourceTree = "<group>";
		};
		851A0B822B5AB95E003E6D97 /* Profile */ = {
			isa = PBXGroup;
			children = (
				851A0B832B5AC478003E6D97 /* ProfileViewController.swift */,
				856C34AC2BAF0FBA00409124 /* ProfilePresenter.swift */,
			);
			path = Profile;
			sourceTree = "<group>";
		};
		851A0B872B5BE24B003E6D97 /* SingleImageViewController */ = {
			isa = PBXGroup;
			children = (
				851A0B852B5BDE9C003E6D97 /* SingleImageViewController.swift */,
			);
			path = SingleImageViewController;
			sourceTree = "<group>";
		};
		853126DA2B7265DF008589D5 /* Auth */ = {
			isa = PBXGroup;
			children = (
				853126D82B7265B4008589D5 /* AuthViewController.swift */,
				853126DB2B726707008589D5 /* WebViewViewController.swift */,
				856C34942BAC284300409124 /* WebViewPresenter.swift */,
			);
			path = Auth;
			sourceTree = "<group>";
		};
		853127862B754E6E008589D5 /* AuthConfiguration */ = {
			isa = PBXGroup;
			children = (
				853126D62B7147E7008589D5 /* AuthConfiguration.swift */,
			);
			path = AuthConfiguration;
			sourceTree = "<group>";
		};
		853127872B754F03008589D5 /* OAuth2 */ = {
			isa = PBXGroup;
			children = (
				853127882B754F6F008589D5 /* OAuthTokenResponseBody.swift */,
				8531278C2B75517F008589D5 /* OAuth2TokenStorage.swift */,
				8531278E2B762397008589D5 /* URLSession+Extension.swift */,
				853127F72B8D183A008589D5 /* URLRequest+Extension.swift */,
			);
			path = OAuth2;
			sourceTree = "<group>";
		};
		853127CE2B778780008589D5 /* SplashViewController */ = {
			isa = PBXGroup;
			children = (
				853127D42B836B42008589D5 /* UIBlokingProgressHUD.swift */,
				853127CF2B7787A6008589D5 /* SplashViewController.swift */,
			);
			path = SplashViewController;
			sourceTree = "<group>";
		};
		853127E92B84EBAC008589D5 /* Alert */ = {
			isa = PBXGroup;
			children = (
				853127DF2B84DACC008589D5 /* AlertModel.swift */,
				853127E12B84DBC2008589D5 /* AlertPresenterProtocol.swift */,
				853127E52B84DC39008589D5 /* AlertPresenter.swift */,
			);
			path = Alert;
			sourceTree = "<group>";
		};
		853127F02B8602A6008589D5 /* TabBar */ = {
			isa = PBXGroup;
			children = (
				853127F12B8602CC008589D5 /* TabBarController.swift */,
			);
			path = TabBar;
			sourceTree = "<group>";
		};
		853127F32B862572008589D5 /* Sources */ = {
			isa = PBXGroup;
			children = (
				851A0B372B43237C003E6D97 /* Info.plist */,
				851A0B322B43237C003E6D97 /* Assets.xcassets */,
			);
			path = Sources;
			sourceTree = "<group>";
		};
		853127F42B8D1074008589D5 /* Model */ = {
			isa = PBXGroup;
			children = (
				853127F52B8D107D008589D5 /* ProblemType.swift */,
				853127D92B8376FE008589D5 /* ProfileResult.swift */,
				853127DB2B83779B008589D5 /* Profile.swift */,
				853127F92B8D25E4008589D5 /* UserResult.swift */,
				8510D90E2B9375F7003937FA /* PhotoResult.swift */,
				8510D9102B93AFD0003937FA /* Date+Extension.swift */,
				85B651CF2BA0C5D2003C83C2 /* Photo.swift */,
			);
			path = Model;
			sourceTree = "<group>";
		};
		856C349D2BAC762B00409124 /* ImageFeedTests */ = {
			isa = PBXGroup;
			children = (
				856C34A92BADD56C00409124 /* Spies */,
				856C34A82BADD55F00409124 /* UnitTests */,
			);
			path = ImageFeedTests;
			sourceTree = "<group>";
		};
		856C34A82BADD55F00409124 /* UnitTests */ = {
			isa = PBXGroup;
			children = (
				856C349E2BAC762B00409124 /* WebViewTests.swift */,
				856C34DC2BB2010800409124 /* ImagesListTests.swift */,
				856C34CE2BB200C000409124 /* ProfileTests.swift */,
			);
			path = UnitTests;
			sourceTree = "<group>";
		};
		856C34A92BADD56C00409124 /* Spies */ = {
			isa = PBXGroup;
			children = (
				856C34A62BADCA2900409124 /* WebViewPresenterSpy.swift */,
				856C34AA2BADD6C700409124 /* WebViewViewControllerSpy.swift */,
				856C34C62BB2008C00409124 /* ImagesListPresenterSpy.swift */,
				856C34C42BB2007900409124 /* ProfilePresenterSpy.swift */,
			);
			path = Spies;
			sourceTree = "<group>";
		};
		856C34B02BB0A14D00409124 /* Services */ = {
			isa = PBXGroup;
			children = (
				856C34AE2BAF256100409124 /* LogoutHelper.swift */,
				856C34962BAC5CAD00409124 /* AuthHelper.swift */,
				853127D62B837411008589D5 /* ProfileService.swift */,
				853127DD2B83E5F6008589D5 /* ProfileImageService.swift */,
				8531278A2B75510A008589D5 /* OAuth2Service.swift */,
				853128382B910173008589D5 /* ImagesListService.swift */,
			);
			path = Services;
			sourceTree = "<group>";
		};
		856C34B92BB1DF1E00409124 /* ImageFeedUITests */ = {
			isa = PBXGroup;
			children = (
				856C34BA2BB1DF1E00409124 /* ImageFeedUITests.swift */,
			);
			path = ImageFeedUITests;
			sourceTree = "<group>";
		};
/* End PBXGroup section */

/* Begin PBXNativeTarget section */
		851A0B252B432371003E6D97 /* ImageFeed */ = {
			isa = PBXNativeTarget;
			buildConfigurationList = 851A0B3A2B43237C003E6D97 /* Build configuration list for PBXNativeTarget "ImageFeed" */;
			buildPhases = (
				851A0B222B432371003E6D97 /* Sources */,
				851A0B232B432371003E6D97 /* Frameworks */,
				851A0B242B432371003E6D97 /* Resources */,
			);
			buildRules = (
			);
			dependencies = (
			);
			name = ImageFeed;
			packageProductDependencies = (
				853127D22B80F1E6008589D5 /* ProgressHUD */,
				853127EB2B854223008589D5 /* Kingfisher */,
				853127EE2B85E2CA008589D5 /* SwiftKeychainWrapper */,
			);
			productName = ImageFeed;
			productReference = 851A0B262B432371003E6D97 /* ImageFeed.app */;
			productType = "com.apple.product-type.application";
		};
		856C349B2BAC762B00409124 /* ImageFeedTests */ = {
			isa = PBXNativeTarget;
			buildConfigurationList = 856C34A22BAC762B00409124 /* Build configuration list for PBXNativeTarget "ImageFeedTests" */;
			buildPhases = (
				856C34982BAC762B00409124 /* Sources */,
				856C34992BAC762B00409124 /* Frameworks */,
				856C349A2BAC762B00409124 /* Resources */,
			);
			buildRules = (
			);
			dependencies = (
				856C34A12BAC762B00409124 /* PBXTargetDependency */,
			);
			name = ImageFeedTests;
			productName = ImageFeedTests;
			productReference = 856C349C2BAC762B00409124 /* ImageFeedTests.xctest */;
			productType = "com.apple.product-type.bundle.unit-test";
		};
		856C34B72BB1DF1E00409124 /* ImageFeedUITests */ = {
			isa = PBXNativeTarget;
			buildConfigurationList = 856C34C02BB1DF1E00409124 /* Build configuration list for PBXNativeTarget "ImageFeedUITests" */;
			buildPhases = (
				856C34B42BB1DF1E00409124 /* Sources */,
				856C34B52BB1DF1E00409124 /* Frameworks */,
				856C34B62BB1DF1E00409124 /* Resources */,
			);
			buildRules = (
			);
			dependencies = (
				856C34BF2BB1DF1E00409124 /* PBXTargetDependency */,
			);
			name = ImageFeedUITests;
			productName = ImageFeedUITests;
			productReference = 856C34B82BB1DF1E00409124 /* ImageFeedUITests.xctest */;
			productType = "com.apple.product-type.bundle.ui-testing";
		};
		856C34CB2BB200C000409124 /* ProfileTests */ = {
			isa = PBXNativeTarget;
			buildConfigurationList = 856C34D22BB200C000409124 /* Build configuration list for PBXNativeTarget "ProfileTests" */;
			buildPhases = (
				856C34C82BB200C000409124 /* Sources */,
				856C34C92BB200C000409124 /* Frameworks */,
				856C34CA2BB200C000409124 /* Resources */,
			);
			buildRules = (
			);
			dependencies = (
				856C34D12BB200C000409124 /* PBXTargetDependency */,
			);
			name = ProfileTests;
			productName = ProfileTests;
			productReference = 856C34CC2BB200C000409124 /* ProfileTests.xctest */;
			productType = "com.apple.product-type.bundle.unit-test";
		};
		856C34D92BB2010800409124 /* ImagesListTests */ = {
			isa = PBXNativeTarget;
			buildConfigurationList = 856C34E02BB2010800409124 /* Build configuration list for PBXNativeTarget "ImagesListTests" */;
			buildPhases = (
				856C34D62BB2010800409124 /* Sources */,
				856C34D72BB2010800409124 /* Frameworks */,
				856C34D82BB2010800409124 /* Resources */,
			);
			buildRules = (
			);
			dependencies = (
				856C34DF2BB2010800409124 /* PBXTargetDependency */,
			);
			name = ImagesListTests;
			productName = ImagesListTests;
			productReference = 856C34DA2BB2010800409124 /* ImagesListTests.xctest */;
			productType = "com.apple.product-type.bundle.unit-test";
		};
/* End PBXNativeTarget section */

/* Begin PBXProject section */
		851A0B1E2B432371003E6D97 /* Project object */ = {
			isa = PBXProject;
			attributes = {
				BuildIndependentTargetsInParallel = 1;
				LastSwiftUpdateCheck = 1520;
				LastUpgradeCheck = 1500;
				TargetAttributes = {
					851A0B252B432371003E6D97 = {
						CreatedOnToolsVersion = 15.0.1;
					};
					856C349B2BAC762B00409124 = {
						CreatedOnToolsVersion = 15.2;
						TestTargetID = 851A0B252B432371003E6D97;
					};
					856C34B72BB1DF1E00409124 = {
						CreatedOnToolsVersion = 15.2;
						TestTargetID = 851A0B252B432371003E6D97;
					};
					856C34CB2BB200C000409124 = {
						CreatedOnToolsVersion = 15.2;
						TestTargetID = 851A0B252B432371003E6D97;
					};
					856C34D92BB2010800409124 = {
						CreatedOnToolsVersion = 15.2;
						TestTargetID = 851A0B252B432371003E6D97;
					};
				};
			};
			buildConfigurationList = 851A0B212B432371003E6D97 /* Build configuration list for PBXProject "ImageFeed" */;
			compatibilityVersion = "Xcode 14.0";
			developmentRegion = en;
			hasScannedForEncodings = 0;
			knownRegions = (
				en,
				Base,
			);
			mainGroup = 851A0B1D2B432371003E6D97;
			packageReferences = (
				853127D12B80F1E6008589D5 /* XCRemoteSwiftPackageReference "ProgressHUD" */,
				853127EA2B854223008589D5 /* XCRemoteSwiftPackageReference "Kingfisher" */,
				853127ED2B85E2CA008589D5 /* XCRemoteSwiftPackageReference "SwiftKeychainWrapper" */,
			);
			productRefGroup = 851A0B272B432371003E6D97 /* Products */;
			projectDirPath = "";
			projectRoot = "";
			targets = (
				851A0B252B432371003E6D97 /* ImageFeed */,
				856C349B2BAC762B00409124 /* ImageFeedTests */,
				856C34B72BB1DF1E00409124 /* ImageFeedUITests */,
				856C34CB2BB200C000409124 /* ProfileTests */,
				856C34D92BB2010800409124 /* ImagesListTests */,
			);
		};
/* End PBXProject section */

/* Begin PBXResourcesBuildPhase section */
		851A0B242B432371003E6D97 /* Resources */ = {
			isa = PBXResourcesBuildPhase;
			buildActionMask = 2147483647;
			files = (
				851A0B362B43237C003E6D97 /* LaunchScreen.storyboard in Resources */,
				851A0B332B43237C003E6D97 /* Assets.xcassets in Resources */,
			);
			runOnlyForDeploymentPostprocessing = 0;
		};
		856C349A2BAC762B00409124 /* Resources */ = {
			isa = PBXResourcesBuildPhase;
			buildActionMask = 2147483647;
			files = (
			);
			runOnlyForDeploymentPostprocessing = 0;
		};
		856C34B62BB1DF1E00409124 /* Resources */ = {
			isa = PBXResourcesBuildPhase;
			buildActionMask = 2147483647;
			files = (
			);
			runOnlyForDeploymentPostprocessing = 0;
		};
		856C34CA2BB200C000409124 /* Resources */ = {
			isa = PBXResourcesBuildPhase;
			buildActionMask = 2147483647;
			files = (
			);
			runOnlyForDeploymentPostprocessing = 0;
		};
		856C34D82BB2010800409124 /* Resources */ = {
			isa = PBXResourcesBuildPhase;
			buildActionMask = 2147483647;
			files = (
			);
			runOnlyForDeploymentPostprocessing = 0;
		};
/* End PBXResourcesBuildPhase section */

/* Begin PBXSourcesBuildPhase section */
		851A0B222B432371003E6D97 /* Sources */ = {
			isa = PBXSourcesBuildPhase;
			buildActionMask = 2147483647;
			files = (
				853127DA2B8376FE008589D5 /* ProfileResult.swift in Sources */,
				853127FA2B8D25E4008589D5 /* UserResult.swift in Sources */,
				856C34952BAC284300409124 /* WebViewPresenter.swift in Sources */,
				853127E62B84DC39008589D5 /* AlertPresenter.swift in Sources */,
				8531278D2B75517F008589D5 /* OAuth2TokenStorage.swift in Sources */,
				853127D72B837411008589D5 /* ProfileService.swift in Sources */,
				851A0B2E2B432371003E6D97 /* ImagesListViewController.swift in Sources */,
				853127F22B8602CC008589D5 /* TabBarController.swift in Sources */,
				853127892B754F6F008589D5 /* OAuthTokenResponseBody.swift in Sources */,
				851A0B5E2B4AD373003E6D97 /* ImagesListCell.swift in Sources */,
				8510D90F2B9375F7003937FA /* PhotoResult.swift in Sources */,
				851A0B842B5AC478003E6D97 /* ProfileViewController.swift in Sources */,
				853127DC2B83779B008589D5 /* Profile.swift in Sources */,
				853127F82B8D183A008589D5 /* URLRequest+Extension.swift in Sources */,
				853127E02B84DACD008589D5 /* AlertModel.swift in Sources */,
				853127D02B7787A6008589D5 /* SplashViewController.swift in Sources */,
				851A0B2A2B432371003E6D97 /* AppDelegate.swift in Sources */,
				8510D9222B9655EE003937FA /* ImageListCellDelegate.swift in Sources */,
				85B651D02BA0C5D2003C83C2 /* Photo.swift in Sources */,
				8510D9112B93AFD0003937FA /* Date+Extension.swift in Sources */,
				8531278B2B75510A008589D5 /* OAuth2Service.swift in Sources */,
				856C34AF2BAF256100409124 /* LogoutHelper.swift in Sources */,
				853127DE2B83E5F6008589D5 /* ProfileImageService.swift in Sources */,
				853127F62B8D107D008589D5 /* ProblemType.swift in Sources */,
				853126D92B7265B4008589D5 /* AuthViewController.swift in Sources */,
				8531278F2B762397008589D5 /* URLSession+Extension.swift in Sources */,
				853127D52B836B42008589D5 /* UIBlokingProgressHUD.swift in Sources */,
				853126D72B7147E7008589D5 /* AuthConfiguration.swift in Sources */,
				851A0B862B5BDE9C003E6D97 /* SingleImageViewController.swift in Sources */,
				853128392B910173008589D5 /* ImagesListService.swift in Sources */,
				856C34AD2BAF0FBA00409124 /* ProfilePresenter.swift in Sources */,
				856C34972BAC5CAD00409124 /* AuthHelper.swift in Sources */,
				853126DC2B726707008589D5 /* WebViewViewController.swift in Sources */,
				853127E22B84DBC2008589D5 /* AlertPresenterProtocol.swift in Sources */,
				856C34B22BB0A4F100409124 /* ImagesListPresenter.swift in Sources */,
				851A0B2C2B432371003E6D97 /* SceneDelegate.swift in Sources */,
			);
			runOnlyForDeploymentPostprocessing = 0;
		};
		856C34982BAC762B00409124 /* Sources */ = {
			isa = PBXSourcesBuildPhase;
			buildActionMask = 2147483647;
			files = (
				856C349F2BAC762B00409124 /* WebViewTests.swift in Sources */,
				856C34C52BB2007900409124 /* ProfilePresenterSpy.swift in Sources */,
				856C34C72BB2008C00409124 /* ImagesListPresenterSpy.swift in Sources */,
				856C34D52BB200D900409124 /* ProfileTests.swift in Sources */,
				856C34E32BB2010E00409124 /* ImagesListTests.swift in Sources */,
				856C34AB2BADD6C700409124 /* WebViewViewControllerSpy.swift in Sources */,
				856C34A72BADCA2900409124 /* WebViewPresenterSpy.swift in Sources */,
			);
			runOnlyForDeploymentPostprocessing = 0;
		};
		856C34B42BB1DF1E00409124 /* Sources */ = {
			isa = PBXSourcesBuildPhase;
			buildActionMask = 2147483647;
			files = (
				856C34BB2BB1DF1E00409124 /* ImageFeedUITests.swift in Sources */,
			);
			runOnlyForDeploymentPostprocessing = 0;
		};
		856C34C82BB200C000409124 /* Sources */ = {
			isa = PBXSourcesBuildPhase;
			buildActionMask = 2147483647;
			files = (
			);
			runOnlyForDeploymentPostprocessing = 0;
		};
		856C34D62BB2010800409124 /* Sources */ = {
			isa = PBXSourcesBuildPhase;
			buildActionMask = 2147483647;
			files = (
			);
			runOnlyForDeploymentPostprocessing = 0;
		};
/* End PBXSourcesBuildPhase section */

/* Begin PBXTargetDependency section */
		856C34A12BAC762B00409124 /* PBXTargetDependency */ = {
			isa = PBXTargetDependency;
			target = 851A0B252B432371003E6D97 /* ImageFeed */;
			targetProxy = 856C34A02BAC762B00409124 /* PBXContainerItemProxy */;
		};
		856C34BF2BB1DF1E00409124 /* PBXTargetDependency */ = {
			isa = PBXTargetDependency;
			target = 851A0B252B432371003E6D97 /* ImageFeed */;
			targetProxy = 856C34BE2BB1DF1E00409124 /* PBXContainerItemProxy */;
		};
		856C34D12BB200C000409124 /* PBXTargetDependency */ = {
			isa = PBXTargetDependency;
			target = 851A0B252B432371003E6D97 /* ImageFeed */;
			targetProxy = 856C34D02BB200C000409124 /* PBXContainerItemProxy */;
		};
		856C34DF2BB2010800409124 /* PBXTargetDependency */ = {
			isa = PBXTargetDependency;
			target = 851A0B252B432371003E6D97 /* ImageFeed */;
			targetProxy = 856C34DE2BB2010800409124 /* PBXContainerItemProxy */;
		};
/* End PBXTargetDependency section */

/* Begin PBXVariantGroup section */
		851A0B342B43237C003E6D97 /* LaunchScreen.storyboard */ = {
			isa = PBXVariantGroup;
			children = (
				851A0B352B43237C003E6D97 /* Base */,
			);
			name = LaunchScreen.storyboard;
			sourceTree = "<group>";
		};
/* End PBXVariantGroup section */

/* Begin XCBuildConfiguration section */
		851A0B382B43237C003E6D97 /* Debug */ = {
			isa = XCBuildConfiguration;
			buildSettings = {
				ALWAYS_SEARCH_USER_PATHS = NO;
				ASSETCATALOG_COMPILER_GENERATE_SWIFT_ASSET_SYMBOL_EXTENSIONS = YES;
				CLANG_ANALYZER_NONNULL = YES;
				CLANG_ANALYZER_NUMBER_OBJECT_CONVERSION = YES_AGGRESSIVE;
				CLANG_CXX_LANGUAGE_STANDARD = "gnu++20";
				CLANG_ENABLE_MODULES = YES;
				CLANG_ENABLE_OBJC_ARC = YES;
				CLANG_ENABLE_OBJC_WEAK = YES;
				CLANG_WARN_BLOCK_CAPTURE_AUTORELEASING = YES;
				CLANG_WARN_BOOL_CONVERSION = YES;
				CLANG_WARN_COMMA = YES;
				CLANG_WARN_CONSTANT_CONVERSION = YES;
				CLANG_WARN_DEPRECATED_OBJC_IMPLEMENTATIONS = YES;
				CLANG_WARN_DIRECT_OBJC_ISA_USAGE = YES_ERROR;
				CLANG_WARN_DOCUMENTATION_COMMENTS = YES;
				CLANG_WARN_EMPTY_BODY = YES;
				CLANG_WARN_ENUM_CONVERSION = YES;
				CLANG_WARN_INFINITE_RECURSION = YES;
				CLANG_WARN_INT_CONVERSION = YES;
				CLANG_WARN_NON_LITERAL_NULL_CONVERSION = YES;
				CLANG_WARN_OBJC_IMPLICIT_RETAIN_SELF = YES;
				CLANG_WARN_OBJC_LITERAL_CONVERSION = YES;
				CLANG_WARN_OBJC_ROOT_CLASS = YES_ERROR;
				CLANG_WARN_QUOTED_INCLUDE_IN_FRAMEWORK_HEADER = YES;
				CLANG_WARN_RANGE_LOOP_ANALYSIS = YES;
				CLANG_WARN_STRICT_PROTOTYPES = YES;
				CLANG_WARN_SUSPICIOUS_MOVE = YES;
				CLANG_WARN_UNGUARDED_AVAILABILITY = YES_AGGRESSIVE;
				CLANG_WARN_UNREACHABLE_CODE = YES;
				CLANG_WARN__DUPLICATE_METHOD_MATCH = YES;
				COPY_PHASE_STRIP = NO;
				DEBUG_INFORMATION_FORMAT = dwarf;
				ENABLE_STRICT_OBJC_MSGSEND = YES;
				ENABLE_TESTABILITY = YES;
				ENABLE_USER_SCRIPT_SANDBOXING = YES;
				GCC_C_LANGUAGE_STANDARD = gnu17;
				GCC_DYNAMIC_NO_PIC = NO;
				GCC_NO_COMMON_BLOCKS = YES;
				GCC_OPTIMIZATION_LEVEL = 0;
				GCC_PREPROCESSOR_DEFINITIONS = (
					"DEBUG=1",
					"$(inherited)",
				);
				GCC_WARN_64_TO_32_BIT_CONVERSION = YES;
				GCC_WARN_ABOUT_RETURN_TYPE = YES_ERROR;
				GCC_WARN_UNDECLARED_SELECTOR = YES;
				GCC_WARN_UNINITIALIZED_AUTOS = YES_AGGRESSIVE;
				GCC_WARN_UNUSED_FUNCTION = YES;
				GCC_WARN_UNUSED_VARIABLE = YES;
				IPHONEOS_DEPLOYMENT_TARGET = 13.0;
				LOCALIZATION_PREFERS_STRING_CATALOGS = YES;
				MTL_ENABLE_DEBUG_INFO = INCLUDE_SOURCE;
				MTL_FAST_MATH = YES;
				ONLY_ACTIVE_ARCH = YES;
				SDKROOT = iphoneos;
				SWIFT_ACTIVE_COMPILATION_CONDITIONS = "DEBUG $(inherited)";
				SWIFT_OPTIMIZATION_LEVEL = "-Onone";
			};
			name = Debug;
		};
		851A0B392B43237C003E6D97 /* Release */ = {
			isa = XCBuildConfiguration;
			buildSettings = {
				ALWAYS_SEARCH_USER_PATHS = NO;
				ASSETCATALOG_COMPILER_GENERATE_SWIFT_ASSET_SYMBOL_EXTENSIONS = YES;
				CLANG_ANALYZER_NONNULL = YES;
				CLANG_ANALYZER_NUMBER_OBJECT_CONVERSION = YES_AGGRESSIVE;
				CLANG_CXX_LANGUAGE_STANDARD = "gnu++20";
				CLANG_ENABLE_MODULES = YES;
				CLANG_ENABLE_OBJC_ARC = YES;
				CLANG_ENABLE_OBJC_WEAK = YES;
				CLANG_WARN_BLOCK_CAPTURE_AUTORELEASING = YES;
				CLANG_WARN_BOOL_CONVERSION = YES;
				CLANG_WARN_COMMA = YES;
				CLANG_WARN_CONSTANT_CONVERSION = YES;
				CLANG_WARN_DEPRECATED_OBJC_IMPLEMENTATIONS = YES;
				CLANG_WARN_DIRECT_OBJC_ISA_USAGE = YES_ERROR;
				CLANG_WARN_DOCUMENTATION_COMMENTS = YES;
				CLANG_WARN_EMPTY_BODY = YES;
				CLANG_WARN_ENUM_CONVERSION = YES;
				CLANG_WARN_INFINITE_RECURSION = YES;
				CLANG_WARN_INT_CONVERSION = YES;
				CLANG_WARN_NON_LITERAL_NULL_CONVERSION = YES;
				CLANG_WARN_OBJC_IMPLICIT_RETAIN_SELF = YES;
				CLANG_WARN_OBJC_LITERAL_CONVERSION = YES;
				CLANG_WARN_OBJC_ROOT_CLASS = YES_ERROR;
				CLANG_WARN_QUOTED_INCLUDE_IN_FRAMEWORK_HEADER = YES;
				CLANG_WARN_RANGE_LOOP_ANALYSIS = YES;
				CLANG_WARN_STRICT_PROTOTYPES = YES;
				CLANG_WARN_SUSPICIOUS_MOVE = YES;
				CLANG_WARN_UNGUARDED_AVAILABILITY = YES_AGGRESSIVE;
				CLANG_WARN_UNREACHABLE_CODE = YES;
				CLANG_WARN__DUPLICATE_METHOD_MATCH = YES;
				COPY_PHASE_STRIP = NO;
				DEBUG_INFORMATION_FORMAT = "dwarf-with-dsym";
				ENABLE_NS_ASSERTIONS = NO;
				ENABLE_STRICT_OBJC_MSGSEND = YES;
				ENABLE_USER_SCRIPT_SANDBOXING = YES;
				GCC_C_LANGUAGE_STANDARD = gnu17;
				GCC_NO_COMMON_BLOCKS = YES;
				GCC_WARN_64_TO_32_BIT_CONVERSION = YES;
				GCC_WARN_ABOUT_RETURN_TYPE = YES_ERROR;
				GCC_WARN_UNDECLARED_SELECTOR = YES;
				GCC_WARN_UNINITIALIZED_AUTOS = YES_AGGRESSIVE;
				GCC_WARN_UNUSED_FUNCTION = YES;
				GCC_WARN_UNUSED_VARIABLE = YES;
				IPHONEOS_DEPLOYMENT_TARGET = 13.0;
				LOCALIZATION_PREFERS_STRING_CATALOGS = YES;
				MTL_ENABLE_DEBUG_INFO = NO;
				MTL_FAST_MATH = YES;
				SDKROOT = iphoneos;
				SWIFT_COMPILATION_MODE = wholemodule;
				VALIDATE_PRODUCT = YES;
			};
			name = Release;
		};
		851A0B3B2B43237C003E6D97 /* Debug */ = {
			isa = XCBuildConfiguration;
			buildSettings = {
				ASSETCATALOG_COMPILER_APPICON_NAME = AppIcon;
				ASSETCATALOG_COMPILER_GLOBAL_ACCENT_COLOR_NAME = AccentColor;
				CODE_SIGN_STYLE = Automatic;
				CURRENT_PROJECT_VERSION = 1;
				DEVELOPMENT_TEAM = P8877RF7P7;
				GENERATE_INFOPLIST_FILE = YES;
				INFOPLIST_FILE = ImageFeed/Sources/Info.plist;
				INFOPLIST_KEY_UIApplicationSupportsIndirectInputEvents = YES;
				INFOPLIST_KEY_UILaunchStoryboardName = LaunchScreen;
				INFOPLIST_KEY_UIMainStoryboardFile = "";
				INFOPLIST_KEY_UISupportedInterfaceOrientations = UIInterfaceOrientationPortrait;
				INFOPLIST_KEY_UISupportedInterfaceOrientations_iPad = "UIInterfaceOrientationLandscapeLeft UIInterfaceOrientationLandscapeRight UIInterfaceOrientationPortrait";
				IPHONEOS_DEPLOYMENT_TARGET = 13.0;
				LD_RUNPATH_SEARCH_PATHS = (
					"$(inherited)",
					"@executable_path/Frameworks",
				);
				MARKETING_VERSION = 1.0;
				PRODUCT_BUNDLE_IDENTIFIER = ru.yandex.practicum.ImageFeed;
				PRODUCT_NAME = "$(TARGET_NAME)";
				SUPPORTED_PLATFORMS = "iphoneos iphonesimulator";
				SUPPORTS_MACCATALYST = NO;
				SUPPORTS_MAC_DESIGNED_FOR_IPHONE_IPAD = NO;
				SWIFT_EMIT_LOC_STRINGS = YES;
				SWIFT_VERSION = 5.0;
				TARGETED_DEVICE_FAMILY = 1;
			};
			name = Debug;
		};
		851A0B3C2B43237C003E6D97 /* Release */ = {
			isa = XCBuildConfiguration;
			buildSettings = {
				ASSETCATALOG_COMPILER_APPICON_NAME = AppIcon;
				ASSETCATALOG_COMPILER_GLOBAL_ACCENT_COLOR_NAME = AccentColor;
				CODE_SIGN_STYLE = Automatic;
				CURRENT_PROJECT_VERSION = 1;
				DEVELOPMENT_TEAM = P8877RF7P7;
				GENERATE_INFOPLIST_FILE = YES;
				INFOPLIST_FILE = ImageFeed/Sources/Info.plist;
				INFOPLIST_KEY_UIApplicationSupportsIndirectInputEvents = YES;
				INFOPLIST_KEY_UILaunchStoryboardName = LaunchScreen;
				INFOPLIST_KEY_UIMainStoryboardFile = "";
				INFOPLIST_KEY_UISupportedInterfaceOrientations = UIInterfaceOrientationPortrait;
				INFOPLIST_KEY_UISupportedInterfaceOrientations_iPad = "UIInterfaceOrientationLandscapeLeft UIInterfaceOrientationLandscapeRight UIInterfaceOrientationPortrait";
				IPHONEOS_DEPLOYMENT_TARGET = 13.0;
				LD_RUNPATH_SEARCH_PATHS = (
					"$(inherited)",
					"@executable_path/Frameworks",
				);
				MARKETING_VERSION = 1.0;
				PRODUCT_BUNDLE_IDENTIFIER = ru.yandex.practicum.ImageFeed;
				PRODUCT_NAME = "$(TARGET_NAME)";
				SUPPORTED_PLATFORMS = "iphoneos iphonesimulator";
				SUPPORTS_MACCATALYST = NO;
				SUPPORTS_MAC_DESIGNED_FOR_IPHONE_IPAD = NO;
				SWIFT_EMIT_LOC_STRINGS = YES;
				SWIFT_VERSION = 5.0;
				TARGETED_DEVICE_FAMILY = 1;
			};
			name = Release;
		};
		856C34A32BAC762B00409124 /* Debug */ = {
			isa = XCBuildConfiguration;
			buildSettings = {
				BUNDLE_LOADER = "$(TEST_HOST)";
				CODE_SIGN_STYLE = Automatic;
				CURRENT_PROJECT_VERSION = 1;
				GENERATE_INFOPLIST_FILE = YES;
				IPHONEOS_DEPLOYMENT_TARGET = 17.2;
				MARKETING_VERSION = 1.0;
				PRODUCT_BUNDLE_IDENTIFIER = ru.praktikum.ImageFeed.ImageFeedTests;
				PRODUCT_NAME = "$(TARGET_NAME)";
				SWIFT_EMIT_LOC_STRINGS = NO;
				SWIFT_VERSION = 5.0;
				TARGETED_DEVICE_FAMILY = "1,2";
				TEST_HOST = "$(BUILT_PRODUCTS_DIR)/ImageFeed.app/$(BUNDLE_EXECUTABLE_FOLDER_PATH)/ImageFeed";
			};
			name = Debug;
		};
		856C34A42BAC762B00409124 /* Release */ = {
			isa = XCBuildConfiguration;
			buildSettings = {
				BUNDLE_LOADER = "$(TEST_HOST)";
				CODE_SIGN_STYLE = Automatic;
				CURRENT_PROJECT_VERSION = 1;
				GENERATE_INFOPLIST_FILE = YES;
				IPHONEOS_DEPLOYMENT_TARGET = 17.2;
				MARKETING_VERSION = 1.0;
				PRODUCT_BUNDLE_IDENTIFIER = ru.praktikum.ImageFeed.ImageFeedTests;
				PRODUCT_NAME = "$(TARGET_NAME)";
				SWIFT_EMIT_LOC_STRINGS = NO;
				SWIFT_VERSION = 5.0;
				TARGETED_DEVICE_FAMILY = "1,2";
				TEST_HOST = "$(BUILT_PRODUCTS_DIR)/ImageFeed.app/$(BUNDLE_EXECUTABLE_FOLDER_PATH)/ImageFeed";
			};
			name = Release;
		};
		856C34C12BB1DF1E00409124 /* Debug */ = {
			isa = XCBuildConfiguration;
			buildSettings = {
				CODE_SIGN_STYLE = Automatic;
				CURRENT_PROJECT_VERSION = 1;
				GENERATE_INFOPLIST_FILE = YES;
				IPHONEOS_DEPLOYMENT_TARGET = 17.2;
				MARKETING_VERSION = 1.0;
				PRODUCT_BUNDLE_IDENTIFIER = ru.praktikum.ImageFeed.ImageFeedUITests;
				PRODUCT_NAME = "$(TARGET_NAME)";
				SWIFT_EMIT_LOC_STRINGS = NO;
				SWIFT_VERSION = 5.0;
				TARGETED_DEVICE_FAMILY = "1,2";
				TEST_TARGET_NAME = ImageFeed;
			};
			name = Debug;
		};
		856C34C22BB1DF1E00409124 /* Release */ = {
			isa = XCBuildConfiguration;
			buildSettings = {
				CODE_SIGN_STYLE = Automatic;
				CURRENT_PROJECT_VERSION = 1;
				GENERATE_INFOPLIST_FILE = YES;
				IPHONEOS_DEPLOYMENT_TARGET = 17.2;
				MARKETING_VERSION = 1.0;
				PRODUCT_BUNDLE_IDENTIFIER = ru.praktikum.ImageFeed.ImageFeedUITests;
				PRODUCT_NAME = "$(TARGET_NAME)";
				SWIFT_EMIT_LOC_STRINGS = NO;
				SWIFT_VERSION = 5.0;
				TARGETED_DEVICE_FAMILY = "1,2";
				TEST_TARGET_NAME = ImageFeed;
			};
			name = Release;
		};
		856C34D32BB200C000409124 /* Debug */ = {
			isa = XCBuildConfiguration;
			buildSettings = {
				BUNDLE_LOADER = "$(TEST_HOST)";
				CODE_SIGN_STYLE = Automatic;
				CURRENT_PROJECT_VERSION = 1;
				GENERATE_INFOPLIST_FILE = YES;
				IPHONEOS_DEPLOYMENT_TARGET = 17.2;
				MARKETING_VERSION = 1.0;
				PRODUCT_BUNDLE_IDENTIFIER = ru.praktikum.ImageFeed.ProfileTests;
				PRODUCT_NAME = "$(TARGET_NAME)";
				SWIFT_EMIT_LOC_STRINGS = NO;
				SWIFT_VERSION = 5.0;
				TARGETED_DEVICE_FAMILY = "1,2";
				TEST_HOST = "$(BUILT_PRODUCTS_DIR)/ImageFeed.app/$(BUNDLE_EXECUTABLE_FOLDER_PATH)/ImageFeed";
			};
			name = Debug;
		};
		856C34D42BB200C000409124 /* Release */ = {
			isa = XCBuildConfiguration;
			buildSettings = {
				BUNDLE_LOADER = "$(TEST_HOST)";
				CODE_SIGN_STYLE = Automatic;
				CURRENT_PROJECT_VERSION = 1;
				GENERATE_INFOPLIST_FILE = YES;
				IPHONEOS_DEPLOYMENT_TARGET = 17.2;
				MARKETING_VERSION = 1.0;
				PRODUCT_BUNDLE_IDENTIFIER = ru.praktikum.ImageFeed.ProfileTests;
				PRODUCT_NAME = "$(TARGET_NAME)";
				SWIFT_EMIT_LOC_STRINGS = NO;
				SWIFT_VERSION = 5.0;
				TARGETED_DEVICE_FAMILY = "1,2";
				TEST_HOST = "$(BUILT_PRODUCTS_DIR)/ImageFeed.app/$(BUNDLE_EXECUTABLE_FOLDER_PATH)/ImageFeed";
			};
			name = Release;
		};
		856C34E12BB2010800409124 /* Debug */ = {
			isa = XCBuildConfiguration;
			buildSettings = {
				BUNDLE_LOADER = "$(TEST_HOST)";
				CODE_SIGN_STYLE = Automatic;
				CURRENT_PROJECT_VERSION = 1;
				GENERATE_INFOPLIST_FILE = YES;
				IPHONEOS_DEPLOYMENT_TARGET = 17.2;
				MARKETING_VERSION = 1.0;
				PRODUCT_BUNDLE_IDENTIFIER = ru.praktikum.ImageFeed.ImagesListTests;
				PRODUCT_NAME = "$(TARGET_NAME)";
				SWIFT_EMIT_LOC_STRINGS = NO;
				SWIFT_VERSION = 5.0;
				TARGETED_DEVICE_FAMILY = "1,2";
				TEST_HOST = "$(BUILT_PRODUCTS_DIR)/ImageFeed.app/$(BUNDLE_EXECUTABLE_FOLDER_PATH)/ImageFeed";
			};
			name = Debug;
		};
		856C34E22BB2010800409124 /* Release */ = {
			isa = XCBuildConfiguration;
			buildSettings = {
				BUNDLE_LOADER = "$(TEST_HOST)";
				CODE_SIGN_STYLE = Automatic;
				CURRENT_PROJECT_VERSION = 1;
				GENERATE_INFOPLIST_FILE = YES;
				IPHONEOS_DEPLOYMENT_TARGET = 17.2;
				MARKETING_VERSION = 1.0;
				PRODUCT_BUNDLE_IDENTIFIER = ru.praktikum.ImageFeed.ImagesListTests;
				PRODUCT_NAME = "$(TARGET_NAME)";
				SWIFT_EMIT_LOC_STRINGS = NO;
				SWIFT_VERSION = 5.0;
				TARGETED_DEVICE_FAMILY = "1,2";
				TEST_HOST = "$(BUILT_PRODUCTS_DIR)/ImageFeed.app/$(BUNDLE_EXECUTABLE_FOLDER_PATH)/ImageFeed";
			};
			name = Release;
		};
/* End XCBuildConfiguration section */

/* Begin XCConfigurationList section */
		851A0B212B432371003E6D97 /* Build configuration list for PBXProject "ImageFeed" */ = {
			isa = XCConfigurationList;
			buildConfigurations = (
				851A0B382B43237C003E6D97 /* Debug */,
				851A0B392B43237C003E6D97 /* Release */,
			);
			defaultConfigurationIsVisible = 0;
			defaultConfigurationName = Release;
		};
		851A0B3A2B43237C003E6D97 /* Build configuration list for PBXNativeTarget "ImageFeed" */ = {
			isa = XCConfigurationList;
			buildConfigurations = (
				851A0B3B2B43237C003E6D97 /* Debug */,
				851A0B3C2B43237C003E6D97 /* Release */,
			);
			defaultConfigurationIsVisible = 0;
			defaultConfigurationName = Release;
		};
		856C34A22BAC762B00409124 /* Build configuration list for PBXNativeTarget "ImageFeedTests" */ = {
			isa = XCConfigurationList;
			buildConfigurations = (
				856C34A32BAC762B00409124 /* Debug */,
				856C34A42BAC762B00409124 /* Release */,
			);
			defaultConfigurationIsVisible = 0;
			defaultConfigurationName = Release;
		};
		856C34C02BB1DF1E00409124 /* Build configuration list for PBXNativeTarget "ImageFeedUITests" */ = {
			isa = XCConfigurationList;
			buildConfigurations = (
				856C34C12BB1DF1E00409124 /* Debug */,
				856C34C22BB1DF1E00409124 /* Release */,
			);
			defaultConfigurationIsVisible = 0;
			defaultConfigurationName = Release;
		};
		856C34D22BB200C000409124 /* Build configuration list for PBXNativeTarget "ProfileTests" */ = {
			isa = XCConfigurationList;
			buildConfigurations = (
				856C34D32BB200C000409124 /* Debug */,
				856C34D42BB200C000409124 /* Release */,
			);
			defaultConfigurationIsVisible = 0;
			defaultConfigurationName = Release;
		};
		856C34E02BB2010800409124 /* Build configuration list for PBXNativeTarget "ImagesListTests" */ = {
			isa = XCConfigurationList;
			buildConfigurations = (
				856C34E12BB2010800409124 /* Debug */,
				856C34E22BB2010800409124 /* Release */,
			);
			defaultConfigurationIsVisible = 0;
			defaultConfigurationName = Release;
		};
/* End XCConfigurationList section */

/* Begin XCRemoteSwiftPackageReference section */
		853127D12B80F1E6008589D5 /* XCRemoteSwiftPackageReference "ProgressHUD" */ = {
			isa = XCRemoteSwiftPackageReference;
			repositoryURL = "https://github.com/relatedcode/ProgressHUD";
			requirement = {
				kind = upToNextMajorVersion;
				minimumVersion = 14.1.1;
			};
		};
		853127EA2B854223008589D5 /* XCRemoteSwiftPackageReference "Kingfisher" */ = {
			isa = XCRemoteSwiftPackageReference;
			repositoryURL = "https://github.com/onevcat/Kingfisher";
			requirement = {
				kind = upToNextMajorVersion;
				minimumVersion = 7.11.0;
			};
		};
		853127ED2B85E2CA008589D5 /* XCRemoteSwiftPackageReference "SwiftKeychainWrapper" */ = {
			isa = XCRemoteSwiftPackageReference;
			repositoryURL = "https://github.com/jrendel/SwiftKeychainWrapper";
			requirement = {
				kind = upToNextMajorVersion;
				minimumVersion = 4.0.1;
			};
		};
/* End XCRemoteSwiftPackageReference section */

/* Begin XCSwiftPackageProductDependency section */
		853127D22B80F1E6008589D5 /* ProgressHUD */ = {
			isa = XCSwiftPackageProductDependency;
			package = 853127D12B80F1E6008589D5 /* XCRemoteSwiftPackageReference "ProgressHUD" */;
			productName = ProgressHUD;
		};
		853127EB2B854223008589D5 /* Kingfisher */ = {
			isa = XCSwiftPackageProductDependency;
			package = 853127EA2B854223008589D5 /* XCRemoteSwiftPackageReference "Kingfisher" */;
			productName = Kingfisher;
		};
		853127EE2B85E2CA008589D5 /* SwiftKeychainWrapper */ = {
			isa = XCSwiftPackageProductDependency;
			package = 853127ED2B85E2CA008589D5 /* XCRemoteSwiftPackageReference "SwiftKeychainWrapper" */;
			productName = SwiftKeychainWrapper;
		};
/* End XCSwiftPackageProductDependency section */
	};
	rootObject = 851A0B1E2B432371003E6D97 /* Project object */;
}
